
Microsoft Visual Studio Solution File, Format Version 12.00
# Visual Studio Version 17
VisualStudioVersion = 17.11.35327.3
MinimumVisualStudioVersion = 10.0.40219.1
Project("{FAE04EC0-301F-11D3-BF4B-00C04F79EFBC}") = "InventTrack", "InventTrack\InventTrack.csproj", "{0191E414-F84C-41A5-A70C-3806338E6865}"
EndProject
Global
	GlobalSection(SolutionConfigurationPlatforms) = preSolution
		Debug|Any CPU = Debug|Any CPU
		Release|Any CPU = Release|Any CPU
	EndGlobalSection
	GlobalSection(ProjectConfigurationPlatforms) = postSolution
		{0191E414-F84C-41A5-A70C-3806338E6865}.Debug|Any CPU.ActiveCfg = Debug|Any CPU
		{0191E414-F84C-41A5-A70C-3806338E6865}.Debug|Any CPU.Build.0 = Debug|Any CPU
		{0191E414-F84C-41A5-A70C-3806338E6865}.Release|Any CPU.ActiveCfg = Release|Any CPU
		{0191E414-F84C-41A5-A70C-3806338E6865}.Release|Any CPU.Build.0 = Release|Any CPU
	EndGlobalSection
	GlobalSection(SolutionProperties) = preSolution
		HideSolutionNode = FALSE
	EndGlobalSection
	GlobalSection(ExtensibilityGlobals) = postSolution
		SolutionGuid = {3DBBDD41-6830-4008-A8CC-1AAF7CE86452}
	EndGlobalSection
EndGlobal
